// !$*UTF8*$!
{
	archiveVersion = 1;
	classes = {
	};
	objectVersion = 50;
	objects = {

/* Begin PBXBuildFile section */
		7D3B2D88249551A50000B874 /* AppDelegate.swift in Sources */ = {isa = PBXBuildFile; fileRef = 7D3B2D87249551A50000B874 /* AppDelegate.swift */; };
		7D3B2D8A249551A50000B874 /* SceneDelegate.swift in Sources */ = {isa = PBXBuildFile; fileRef = 7D3B2D89249551A50000B874 /* SceneDelegate.swift */; };
		7D3B2D8F249551A50000B874 /* Main.storyboard in Resources */ = {isa = PBXBuildFile; fileRef = 7D3B2D8D249551A50000B874 /* Main.storyboard */; };
		7D3B2D91249551A60000B874 /* Assets.xcassets in Resources */ = {isa = PBXBuildFile; fileRef = 7D3B2D90249551A60000B874 /* Assets.xcassets */; };
		7D3B2D94249551A60000B874 /* LaunchScreen.storyboard in Resources */ = {isa = PBXBuildFile; fileRef = 7D3B2D92249551A60000B874 /* LaunchScreen.storyboard */; };
		7DBCAD802495529F000484F1 /* NewsTableViewController.swift in Sources */ = {isa = PBXBuildFile; fileRef = 7DBCAD7F2495529F000484F1 /* NewsTableViewController.swift */; };
		B4F1542C9D0DA8FA856F146A /* Pods_GetNews.framework in Frameworks */ = {isa = PBXBuildFile; fileRef = 29F9D03FAEEC32FC91D7F5B8 /* Pods_GetNews.framework */; };
/* End PBXBuildFile section */

/* Begin PBXFileReference section */
		29F9D03FAEEC32FC91D7F5B8 /* Pods_GetNews.framework */ = {isa = PBXFileReference; explicitFileType = wrapper.framework; includeInIndex = 0; path = Pods_GetNews.framework; sourceTree = BUILT_PRODUCTS_DIR; };
		7D3B2D84249551A50000B874 /* GetNews.app */ = {isa = PBXFileReference; explicitFileType = wrapper.application; includeInIndex = 0; path = GetNews.app; sourceTree = BUILT_PRODUCTS_DIR; };
		7D3B2D87249551A50000B874 /* AppDelegate.swift */ = {isa = PBXFileReference; lastKnownFileType = sourcecode.swift; path = AppDelegate.swift; sourceTree = "<group>"; };
		7D3B2D89249551A50000B874 /* SceneDelegate.swift */ = {isa = PBXFileReference; lastKnownFileType = sourcecode.swift; path = SceneDelegate.swift; sourceTree = "<group>"; };
		7D3B2D8E249551A50000B874 /* Base */ = {isa = PBXFileReference; lastKnownFileType = file.storyboard; name = Base; path = Base.lproj/Main.storyboard; sourceTree = "<group>"; };
		7D3B2D90249551A60000B874 /* Assets.xcassets */ = {isa = PBXFileReference; lastKnownFileType = folder.assetcatalog; path = Assets.xcassets; sourceTree = "<group>"; };
		7D3B2D93249551A60000B874 /* Base */ = {isa = PBXFileReference; lastKnownFileType = file.storyboard; name = Base; path = Base.lproj/LaunchScreen.storyboard; sourceTree = "<group>"; };
		7D3B2D95249551A60000B874 /* Info.plist */ = {isa = PBXFileReference; lastKnownFileType = text.plist.xml; path = Info.plist; sourceTree = "<group>"; };
		7DBCAD7F2495529F000484F1 /* NewsTableViewController.swift */ = {isa = PBXFileReference; lastKnownFileType = sourcecode.swift; path = NewsTableViewController.swift; sourceTree = "<group>"; };
		A9ED07DAE9DEE5F57EB12008 /* Pods-GetNews.debug.xcconfig */ = {isa = PBXFileReference; includeInIndex = 1; lastKnownFileType = text.xcconfig; name = "Pods-GetNews.debug.xcconfig"; path = "Target Support Files/Pods-GetNews/Pods-GetNews.debug.xcconfig"; sourceTree = "<group>"; };
		EFB05E51792DFCDE4540C4A9 /* Pods-GetNews.release.xcconfig */ = {isa = PBXFileReference; includeInIndex = 1; lastKnownFileType = text.xcconfig; name = "Pods-GetNews.release.xcconfig"; path = "Target Support Files/Pods-GetNews/Pods-GetNews.release.xcconfig"; sourceTree = "<group>"; };
/* End PBXFileReference section */

/* Begin PBXFrameworksBuildPhase section */
		7D3B2D81249551A50000B874 /* Frameworks */ = {
			isa = PBXFrameworksBuildPhase;
			buildActionMask = 2147483647;
			files = (
				B4F1542C9D0DA8FA856F146A /* Pods_GetNews.framework in Frameworks */,
			);
			runOnlyForDeploymentPostprocessing = 0;
		};
/* End PBXFrameworksBuildPhase section */

/* Begin PBXGroup section */
		5D5C81C5EE4D10DF2AC791F2 /* Pods */ = {
			isa = PBXGroup;
			children = (
				A9ED07DAE9DEE5F57EB12008 /* Pods-GetNews.debug.xcconfig */,
				EFB05E51792DFCDE4540C4A9 /* Pods-GetNews.release.xcconfig */,
			);
			name = Pods;
			path = Pods;
			sourceTree = "<group>";
		};
		7D3B2D7B249551A50000B874 = {
			isa = PBXGroup;
			children = (
				7D3B2D86249551A50000B874 /* GetNews */,
				7D3B2D85249551A50000B874 /* Products */,
				5D5C81C5EE4D10DF2AC791F2 /* Pods */,
				D085DF0FBD7B1DCCC3A6B4BA /* Frameworks */,
			);
			sourceTree = "<group>";
		};
		7D3B2D85249551A50000B874 /* Products */ = {
			isa = PBXGroup;
			children = (
				7D3B2D84249551A50000B874 /* GetNews.app */,
			);
			name = Products;
			sourceTree = "<group>";
		};
		7D3B2D86249551A50000B874 /* GetNews */ = {
			isa = PBXGroup;
			children = (
				7D3B2D87249551A50000B874 /* AppDelegate.swift */,
				7D3B2D89249551A50000B874 /* SceneDelegate.swift */,
				7D3B2D8D249551A50000B874 /* Main.storyboard */,
				7D3B2D90249551A60000B874 /* Assets.xcassets */,
				7D3B2D92249551A60000B874 /* LaunchScreen.storyboard */,
				7D3B2D95249551A60000B874 /* Info.plist */,
				7DBCAD7F2495529F000484F1 /* NewsTableViewController.swift */,
			);
			path = GetNews;
			sourceTree = "<group>";
		};
		D085DF0FBD7B1DCCC3A6B4BA /* Frameworks */ = {
			isa = PBXGroup;
			children = (
				29F9D03FAEEC32FC91D7F5B8 /* Pods_GetNews.framework */,
			);
			name = Frameworks;
			sourceTree = "<group>";
		};
/* End PBXGroup section */

/* Begin PBXNativeTarget section */
		7D3B2D83249551A50000B874 /* GetNews */ = {
			isa = PBXNativeTarget;
			buildConfigurationList = 7D3B2D98249551A60000B874 /* Build configuration list for PBXNativeTarget "GetNews" */;
			buildPhases = (
				F012F4947E603B97F841B293 /* [CP] Check Pods Manifest.lock */,
				7D3B2D80249551A50000B874 /* Sources */,
				7D3B2D81249551A50000B874 /* Frameworks */,
				7D3B2D82249551A50000B874 /* Resources */,
				A28389C1B7EF48AAC27AEADE /* [CP] Embed Pods Frameworks */,
			);
			buildRules = (
			);
			dependencies = (
			);
			name = GetNews;
			productName = GetNews;
			productReference = 7D3B2D84249551A50000B874 /* GetNews.app */;
			productType = "com.apple.product-type.application";
		};
/* End PBXNativeTarget section */

/* Begin PBXProject section */
		7D3B2D7C249551A50000B874 /* Project object */ = {
			isa = PBXProject;
			attributes = {
				LastSwiftUpdateCheck = 1150;
				LastUpgradeCheck = 1150;
				ORGANIZATIONNAME = "Anuranjan Bose";
				TargetAttributes = {
					7D3B2D83249551A50000B874 = {
						CreatedOnToolsVersion = 11.5;
					};
				};
			};
			buildConfigurationList = 7D3B2D7F249551A50000B874 /* Build configuration list for PBXProject "GetNews" */;
			compatibilityVersion = "Xcode 9.3";
			developmentRegion = en;
			hasScannedForEncodings = 0;
			knownRegions = (
				en,
				Base,
			);
			mainGroup = 7D3B2D7B249551A50000B874;
			productRefGroup = 7D3B2D85249551A50000B874 /* Products */;
			projectDirPath = "";
			projectRoot = "";
			targets = (
				7D3B2D83249551A50000B874 /* GetNews */,
			);
		};
/* End PBXProject section */

/* Begin PBXResourcesBuildPhase section */
		7D3B2D82249551A50000B874 /* Resources */ = {
			isa = PBXResourcesBuildPhase;
			buildActionMask = 2147483647;
			files = (
				7D3B2D94249551A60000B874 /* LaunchScreen.storyboard in Resources */,
				7D3B2D91249551A60000B874 /* Assets.xcassets in Resources */,
				7D3B2D8F249551A50000B874 /* Main.storyboard in Resources */,
			);
			runOnlyForDeploymentPostprocessing = 0;
		};
/* End PBXResourcesBuildPhase section */

/* Begin PBXShellScriptBuildPhase section */
		A28389C1B7EF48AAC27AEADE /* [CP] Embed Pods Frameworks */ = {
			isa = PBXShellScriptBuildPhase;
			buildActionMask = 2147483647;
			files = (
			);
			inputFileListPaths = (
				"${PODS_ROOT}/Target Support Files/Pods-GetNews/Pods-GetNews-frameworks-${CONFIGURATION}-input-files.xcfilelist",
			);
			name = "[CP] Embed Pods Frameworks";
			outputFileListPaths = (
				"${PODS_ROOT}/Target Support Files/Pods-GetNews/Pods-GetNews-frameworks-${CONFIGURATION}-output-files.xcfilelist",
			);
			runOnlyForDeploymentPostprocessing = 0;
			shellPath = /bin/sh;
			shellScript = "\"${PODS_ROOT}/Target Support Files/Pods-GetNews/Pods-GetNews-frameworks.sh\"\n";
			showEnvVarsInLog = 0;
		};
		F012F4947E603B97F841B293 /* [CP] Check Pods Manifest.lock */ = {
			isa = PBXShellScriptBuildPhase;
			buildActionMask = 2147483647;
			files = (
			);
			inputFileListPaths = (
			);
			inputPaths = (
				"${PODS_PODFILE_DIR_PATH}/Podfile.lock",
				"${PODS_ROOT}/Manifest.lock",
			);
			name = "[CP] Check Pods Manifest.lock";
			outputFileListPaths = (
			);
			outputPaths = (
				"$(DERIVED_FILE_DIR)/Pods-GetNews-checkManifestLockResult.txt",
			);
			runOnlyForDeploymentPostprocessing = 0;
			shellPath = /bin/sh;
			shellScript = "diff \"${PODS_PODFILE_DIR_PATH}/Podfile.lock\" \"${PODS_ROOT}/Manifest.lock\" > /dev/null\nif [ $? != 0 ] ; then\n    # print error to STDERR\n    echo \"error: The sandbox is not in sync with the Podfile.lock. Run 'pod install' or update your CocoaPods installation.\" >&2\n    exit 1\nfi\n# This output is used by Xcode 'outputs' to avoid re-running this script phase.\necho \"SUCCESS\" > \"${SCRIPT_OUTPUT_FILE_0}\"\n";
			showEnvVarsInLog = 0;
		};
/* End PBXShellScriptBuildPhase section */

/* Begin PBXSourcesBuildPhase section */
		7D3B2D80249551A50000B874 /* Sources */ = {
			isa = PBXSourcesBuildPhase;
			buildActionMask = 2147483647;
			files = (
				7D3B2D88249551A50000B874 /* AppDelegate.swift in Sources */,
				7D3B2D8A249551A50000B874 /* SceneDelegate.swift in Sources */,
				7DBCAD802495529F000484F1 /* NewsTableViewController.swift in Sources */,
			);
			runOnlyForDeploymentPostprocessing = 0;
		};
/* End PBXSourcesBuildPhase section */

/* Begin PBXVariantGroup section */
		7D3B2D8D249551A50000B874 /* Main.storyboard */ = {
			isa = PBXVariantGroup;
			children = (
				7D3B2D8E249551A50000B874 /* Base */,
			);
			name = Main.storyboard;
			sourceTree = "<group>";
		};
		7D3B2D92249551A60000B874 /* LaunchScreen.storyboard */ = {
			isa = PBXVariantGroup;
			children = (
				7D3B2D93249551A60000B874 /* Base */,
			);
			name = LaunchScreen.storyboard;
			sourceTree = "<group>";
		};
/* End PBXVariantGroup section */

/* Begin XCBuildConfiguration section */
		7D3B2D96249551A60000B874 /* Debug */ = {
			isa = XCBuildConfiguration;
			buildSettings = {
				ALWAYS_SEARCH_USER_PATHS = NO;
				CLANG_ANALYZER_NONNULL = YES;
				CLANG_ANALYZER_NUMBER_OBJECT_CONVERSION = YES_AGGRESSIVE;
				CLANG_CXX_LANGUAGE_STANDARD = "gnu++14";
				CLANG_CXX_LIBRARY = "libc++";
				CLANG_ENABLE_MODULES = YES;
				CLANG_ENABLE_OBJC_ARC = YES;
				CLANG_ENABLE_OBJC_WEAK = YES;
				CLANG_WARN_BLOCK_CAPTURE_AUTORELEASING = YES;
				CLANG_WARN_BOOL_CONVERSION = YES;
				CLANG_WARN_COMMA = YES;
				CLANG_WARN_CONSTANT_CONVERSION = YES;
				CLANG_WARN_DEPRECATED_OBJC_IMPLEMENTATIONS = YES;
				CLANG_WARN_DIRECT_OBJC_ISA_USAGE = YES_ERROR;
				CLANG_WARN_DOCUMENTATION_COMMENTS = YES;
				CLANG_WARN_EMPTY_BODY = YES;
				CLANG_WARN_ENUM_CONVERSION = YES;
				CLANG_WARN_INFINITE_RECURSION = YES;
				CLANG_WARN_INT_CONVERSION = YES;
				CLANG_WARN_NON_LITERAL_NULL_CONVERSION = YES;
				CLANG_WARN_OBJC_IMPLICIT_RETAIN_SELF = YES;
				CLANG_WARN_OBJC_LITERAL_CONVERSION = YES;
				CLANG_WARN_OBJC_ROOT_CLASS = YES_ERROR;
				CLANG_WARN_RANGE_LOOP_ANALYSIS = YES;
				CLANG_WARN_STRICT_PROTOTYPES = YES;
				CLANG_WARN_SUSPICIOUS_MOVE = YES;
				CLANG_WARN_UNGUARDED_AVAILABILITY = YES_AGGRESSIVE;
				CLANG_WARN_UNREACHABLE_CODE = YES;
				CLANG_WARN__DUPLICATE_METHOD_MATCH = YES;
				COPY_PHASE_STRIP = NO;
				DEBUG_INFORMATION_FORMAT = dwarf;
				ENABLE_STRICT_OBJC_MSGSEND = YES;
				ENABLE_TESTABILITY = YES;
				GCC_C_LANGUAGE_STANDARD = gnu11;
				GCC_DYNAMIC_NO_PIC = NO;
				GCC_NO_COMMON_BLOCKS = YES;
				GCC_OPTIMIZATION_LEVEL = 0;
				GCC_PREPROCESSOR_DEFINITIONS = (
					"DEBUG=1",
					"$(inherited)",
				);
				GCC_WARN_64_TO_32_BIT_CONVERSION = YES;
				GCC_WARN_ABOUT_RETURN_TYPE = YES_ERROR;
				GCC_WARN_UNDECLARED_SELECTOR = YES;
				GCC_WARN_UNINITIALIZED_AUTOS = YES_AGGRESSIVE;
				GCC_WARN_UNUSED_FUNCTION = YES;
				GCC_WARN_UNUSED_VARIABLE = YES;
				IPHONEOS_DEPLOYMENT_TARGET = 13.5;
				MTL_ENABLE_DEBUG_INFO = INCLUDE_SOURCE;
				MTL_FAST_MATH = YES;
				ONLY_ACTIVE_ARCH = YES;
				SDKROOT = iphoneos;
				SWIFT_ACTIVE_COMPILATION_CONDITIONS = DEBUG;
				SWIFT_OPTIMIZATION_LEVEL = "-Onone";
			};
			name = Debug;
		};
		7D3B2D97249551A60000B874 /* Release */ = {
			isa = XCBuildConfiguration;
			buildSettings = {
				ALWAYS_SEARCH_USER_PATHS = NO;
				CLANG_ANALYZER_NONNULL = YES;
				CLANG_ANALYZER_NUMBER_OBJECT_CONVERSION = YES_AGGRESSIVE;
				CLANG_CXX_LANGUAGE_STANDARD = "gnu++14";
				CLANG_CXX_LIBRARY = "libc++";
				CLANG_ENABLE_MODULES = YES;
				CLANG_ENABLE_OBJC_ARC = YES;
				CLANG_ENABLE_OBJC_WEAK = YES;
				CLANG_WARN_BLOCK_CAPTURE_AUTORELEASING = YES;
				CLANG_WARN_BOOL_CONVERSION = YES;
				CLANG_WARN_COMMA = YES;
				CLANG_WARN_CONSTANT_CONVERSION = YES;
				CLANG_WARN_DEPRECATED_OBJC_IMPLEMENTATIONS = YES;
				CLANG_WARN_DIRECT_OBJC_ISA_USAGE = YES_ERROR;
				CLANG_WARN_DOCUMENTATION_COMMENTS = YES;
				CLANG_WARN_EMPTY_BODY = YES;
				CLANG_WARN_ENUM_CONVERSION = YES;
				CLANG_WARN_INFINITE_RECURSION = YES;
				CLANG_WARN_INT_CONVERSION = YES;
				CLANG_WARN_NON_LITERAL_NULL_CONVERSION = YES;
				CLANG_WARN_OBJC_IMPLICIT_RETAIN_SELF = YES;
				CLANG_WARN_OBJC_LITERAL_CONVERSION = YES;
				CLANG_WARN_OBJC_ROOT_CLASS = YES_ERROR;
				CLANG_WARN_RANGE_LOOP_ANALYSIS = YES;
				CLANG_WARN_STRICT_PROTOTYPES = YES;
				CLANG_WARN_SUSPICIOUS_MOVE = YES;
				CLANG_WARN_UNGUARDED_AVAILABILITY = YES_AGGRESSIVE;
				CLANG_WARN_UNREACHABLE_CODE = YES;
				CLANG_WARN__DUPLICATE_METHOD_MATCH = YES;
				COPY_PHASE_STRIP = NO;
				DEBUG_INFORMATION_FORMAT = "dwarf-with-dsym";
				ENABLE_NS_ASSERTIONS = NO;
				ENABLE_STRICT_OBJC_MSGSEND = YES;
				GCC_C_LANGUAGE_STANDARD = gnu11;
				GCC_NO_COMMON_BLOCKS = YES;
				GCC_WARN_64_TO_32_BIT_CONVERSION = YES;
				GCC_WARN_ABOUT_RETURN_TYPE = YES_ERROR;
				GCC_WARN_UNDECLARED_SELECTOR = YES;
				GCC_WARN_UNINITIALIZED_AUTOS = YES_AGGRESSIVE;
				GCC_WARN_UNUSED_FUNCTION = YES;
				GCC_WARN_UNUSED_VARIABLE = YES;
				IPHONEOS_DEPLOYMENT_TARGET = 13.5;
				MTL_ENABLE_DEBUG_INFO = NO;
				MTL_FAST_MATH = YES;
				SDKROOT = iphoneos;
				SWIFT_COMPILATION_MODE = wholemodule;
				SWIFT_OPTIMIZATION_LEVEL = "-O";
				VALIDATE_PRODUCT = YES;
			};
			name = Release;
		};
		7D3B2D99249551A60000B874 /* Debug */ = {
			isa = XCBuildConfiguration;
			baseConfigurationReference = A9ED07DAE9DEE5F57EB12008 /* Pods-GetNews.debug.xcconfig */;
			buildSettings = {
				ASSETCATALOG_COMPILER_APPICON_NAME = AppIcon;
				CODE_SIGN_STYLE = Automatic;
				INFOPLIST_FILE = GetNews/Info.plist;
				LD_RUNPATH_SEARCH_PATHS = (
					"$(inherited)",
					"@executable_path/Frameworks",
				);
				PRODUCT_BUNDLE_IDENTIFIER = com.anuranjanbose.GetNews;
				PRODUCT_NAME = "$(TARGET_NAME)";
				SWIFT_VERSION = 5.0;
				TARGETED_DEVICE_FAMILY = "1,2";
			};
			name = Debug;
		};
		7D3B2D9A249551A60000B874 /* Release */ = {
			isa = XCBuildConfiguration;
			baseConfigurationReference = EFB05E51792DFCDE4540C4A9 /* Pods-GetNews.release.xcconfig */;
			buildSettings = {
				ASSETCATALOG_COMPILER_APPICON_NAME = AppIcon;
				CODE_SIGN_STYLE = Automatic;
				INFOPLIST_FILE = GetNews/Info.plist;
				LD_RUNPATH_SEARCH_PATHS = (
					"$(inherited)",
					"@executable_path/Frameworks",
				);
				PRODUCT_BUNDLE_IDENTIFIER = com.anuranjanbose.GetNews;
				PRODUCT_NAME = "$(TARGET_NAME)";
				SWIFT_VERSION = 5.0;
				TARGETED_DEVICE_FAMILY = "1,2";
			};
			name = Release;
		};
/* End XCBuildConfiguration section */

/* Begin XCConfigurationList section */
		7D3B2D7F249551A50000B874 /* Build configuration list for PBXProject "GetNews" */ = {
			isa = XCConfigurationList;
			buildConfigurations = (
				7D3B2D96249551A60000B874 /* Debug */,
				7D3B2D97249551A60000B874 /* Release */,
			);
			defaultConfigurationIsVisible = 0;
			defaultConfigurationName = Release;
		};
		7D3B2D98249551A60000B874 /* Build configuration list for PBXNativeTarget "GetNews" */ = {
			isa = XCConfigurationList;
			buildConfigurations = (
				7D3B2D99249551A60000B874 /* Debug */,
				7D3B2D9A249551A60000B874 /* Release */,
			);
			defaultConfigurationIsVisible = 0;
			defaultConfigurationName = Release;
		};
/* End XCConfigurationList section */
	};
	rootObject = 7D3B2D7C249551A50000B874 /* Project object */;
}
